
Microsoft Visual Studio Solution File, Format Version 12.00
# Visual Studio Version 17
VisualStudioVersion = 17.6.33717.318
MinimumVisualStudioVersion = 10.0.40219.1
Project("{2150E333-8FDC-42A3-9474-1A3956D46DE8}") = "Core", "Core", "{E638AF95-4064-4D28-B4D8-56C3F4E07D88}"
EndProject
Project("{2150E333-8FDC-42A3-9474-1A3956D46DE8}") = "Infrastructure", "Infrastructure", "{59CB71FB-767C-4EE7-B542-FCF5CD6812B0}"
EndProject
Project("{2150E333-8FDC-42A3-9474-1A3956D46DE8}") = "API", "API", "{279EA3E9-863E-47EE-9AB4-66C37B6CE188}"
EndProject
Project("{2150E333-8FDC-42A3-9474-1A3956D46DE8}") = "UI", "UI", "{07972C46-E4D1-4499-893D-1D84C4EBE1EA}"
EndProject
Project("{2150E333-8FDC-42A3-9474-1A3956D46DE8}") = "src", "src", "{4D25DDAF-A27D-433C-949F-D855A963BC19}"
EndProject
Project("{2150E333-8FDC-42A3-9474-1A3956D46DE8}") = "test", "test", "{05C57824-85E0-4D09-B0A3-6DDC167FE90A}"
EndProject
Project("{9A19103F-16F7-4668-BE54-9A1E7A4F7556}") = "BlogSystem.Domain", "BlogSystem.Domain\BlogSystem.Domain.csproj", "{BAB9B7BB-259B-44B6-8952-335CD44958DA}"
EndProject
Project("{9A19103F-16F7-4668-BE54-9A1E7A4F7556}") = "BlogSystem.Application", "BlogSystem.Application\BlogSystem.Application.csproj", "{AD59070A-5A91-4082-BB85-0A530E4A2097}"
EndProject
Project("{9A19103F-16F7-4668-BE54-9A1E7A4F7556}") = "BlogSystem.Persistance", "BlogSystem.Persistance\BlogSystem.Persistance.csproj", "{BD92F3CB-8B57-41E4-A3BD-01243B469129}"
EndProject
Project("{9A19103F-16F7-4668-BE54-9A1E7A4F7556}") = "BlogSystem.Infrastructure", "BlogSystem.Infrastructure\BlogSystem.Infrastructure.csproj", "{A4942030-3608-4BD4-BD7A-268B41323BB3}"
EndProject
Project("{9A19103F-16F7-4668-BE54-9A1E7A4F7556}") = "BlogSystem.Api", "BlogSystem.Api\BlogSystem.Api.csproj", "{49A4725E-7BB5-43F4-9ADE-B8F363CEBE8B}"
EndProject
Project("{9A19103F-16F7-4668-BE54-9A1E7A4F7556}") = "BlogSystem.Application.UnitTests", "BlogSystem.Application.UnitTests\BlogSystem.Application.UnitTests.csproj", "{82466A67-5962-4587-A8B2-0D6786266526}"
EndProject
Project("{9A19103F-16F7-4668-BE54-9A1E7A4F7556}") = "BlogSystem.Persistance.IntegrationTests", "BlogSystem.Persistance.IntegrationTests\BlogSystem.Persistance.IntegrationTests.csproj", "{3AA05D5B-1FA8-42F1-8145-84BBE8F73D60}"
EndProject
Project("{9A19103F-16F7-4668-BE54-9A1E7A4F7556}") = "BlogSystem.Api.IntegrationTests", "BlogSystem.Api.IntegrationTests\BlogSystem.Api.IntegrationTests.csproj", "{97E8CCF5-8914-41E3-B2DE-3F775E99046A}"
EndProject
Project("{FAE04EC0-301F-11D3-BF4B-00C04F79EFBC}") = "BlogSystem.App", "BlogSystem.App\BlogSystem.App.csproj", "{84A9E83A-2DCA-4141-9170-FBE615EB302A}"
EndProject
Global
	GlobalSection(SolutionConfigurationPlatforms) = preSolution
		Debug|Any CPU = Debug|Any CPU
		Release|Any CPU = Release|Any CPU
	EndGlobalSection
	GlobalSection(ProjectConfigurationPlatforms) = postSolution
		{BAB9B7BB-259B-44B6-8952-335CD44958DA}.Debug|Any CPU.ActiveCfg = Debug|Any CPU
		{BAB9B7BB-259B-44B6-8952-335CD44958DA}.Debug|Any CPU.Build.0 = Debug|Any CPU
		{BAB9B7BB-259B-44B6-8952-335CD44958DA}.Release|Any CPU.ActiveCfg = Release|Any CPU
		{BAB9B7BB-259B-44B6-8952-335CD44958DA}.Release|Any CPU.Build.0 = Release|Any CPU
		{AD59070A-5A91-4082-BB85-0A530E4A2097}.Debug|Any CPU.ActiveCfg = Debug|Any CPU
		{AD59070A-5A91-4082-BB85-0A530E4A2097}.Debug|Any CPU.Build.0 = Debug|Any CPU
		{AD59070A-5A91-4082-BB85-0A530E4A2097}.Release|Any CPU.ActiveCfg = Release|Any CPU
		{AD59070A-5A91-4082-BB85-0A530E4A2097}.Release|Any CPU.Build.0 = Release|Any CPU
		{BD92F3CB-8B57-41E4-A3BD-01243B469129}.Debug|Any CPU.ActiveCfg = Debug|Any CPU
		{BD92F3CB-8B57-41E4-A3BD-01243B469129}.Debug|Any CPU.Build.0 = Debug|Any CPU
		{BD92F3CB-8B57-41E4-A3BD-01243B469129}.Release|Any CPU.ActiveCfg = Release|Any CPU
		{BD92F3CB-8B57-41E4-A3BD-01243B469129}.Release|Any CPU.Build.0 = Release|Any CPU
		{A4942030-3608-4BD4-BD7A-268B41323BB3}.Debug|Any CPU.ActiveCfg = Debug|Any CPU
		{A4942030-3608-4BD4-BD7A-268B41323BB3}.Debug|Any CPU.Build.0 = Debug|Any CPU
		{A4942030-3608-4BD4-BD7A-268B41323BB3}.Release|Any CPU.ActiveCfg = Release|Any CPU
		{A4942030-3608-4BD4-BD7A-268B41323BB3}.Release|Any CPU.Build.0 = Release|Any CPU
		{49A4725E-7BB5-43F4-9ADE-B8F363CEBE8B}.Debug|Any CPU.ActiveCfg = Debug|Any CPU
		{49A4725E-7BB5-43F4-9ADE-B8F363CEBE8B}.Debug|Any CPU.Build.0 = Debug|Any CPU
		{49A4725E-7BB5-43F4-9ADE-B8F363CEBE8B}.Release|Any CPU.ActiveCfg = Release|Any CPU
		{49A4725E-7BB5-43F4-9ADE-B8F363CEBE8B}.Release|Any CPU.Build.0 = Release|Any CPU
		{82466A67-5962-4587-A8B2-0D6786266526}.Debug|Any CPU.ActiveCfg = Debug|Any CPU
		{82466A67-5962-4587-A8B2-0D6786266526}.Debug|Any CPU.Build.0 = Debug|Any CPU
		{82466A67-5962-4587-A8B2-0D6786266526}.Release|Any CPU.ActiveCfg = Release|Any CPU
		{82466A67-5962-4587-A8B2-0D6786266526}.Release|Any CPU.Build.0 = Release|Any CPU
		{3AA05D5B-1FA8-42F1-8145-84BBE8F73D60}.Debug|Any CPU.ActiveCfg = Debug|Any CPU
		{3AA05D5B-1FA8-42F1-8145-84BBE8F73D60}.Debug|Any CPU.Build.0 = Debug|Any CPU
		{3AA05D5B-1FA8-42F1-8145-84BBE8F73D60}.Release|Any CPU.ActiveCfg = Release|Any CPU
		{3AA05D5B-1FA8-42F1-8145-84BBE8F73D60}.Release|Any CPU.Build.0 = Release|Any CPU
		{97E8CCF5-8914-41E3-B2DE-3F775E99046A}.Debug|Any CPU.ActiveCfg = Debug|Any CPU
		{97E8CCF5-8914-41E3-B2DE-3F775E99046A}.Debug|Any CPU.Build.0 = Debug|Any CPU
		{97E8CCF5-8914-41E3-B2DE-3F775E99046A}.Release|Any CPU.ActiveCfg = Release|Any CPU
		{97E8CCF5-8914-41E3-B2DE-3F775E99046A}.Release|Any CPU.Build.0 = Release|Any CPU
		{84A9E83A-2DCA-4141-9170-FBE615EB302A}.Debug|Any CPU.ActiveCfg = Debug|Any CPU
		{84A9E83A-2DCA-4141-9170-FBE615EB302A}.Debug|Any CPU.Build.0 = Debug|Any CPU
		{84A9E83A-2DCA-4141-9170-FBE615EB302A}.Release|Any CPU.ActiveCfg = Release|Any CPU
		{84A9E83A-2DCA-4141-9170-FBE615EB302A}.Release|Any CPU.Build.0 = Release|Any CPU
	EndGlobalSection
	GlobalSection(SolutionProperties) = preSolution
		HideSolutionNode = FALSE
	EndGlobalSection
	GlobalSection(NestedProjects) = preSolution
		{E638AF95-4064-4D28-B4D8-56C3F4E07D88} = {4D25DDAF-A27D-433C-949F-D855A963BC19}
		{59CB71FB-767C-4EE7-B542-FCF5CD6812B0} = {4D25DDAF-A27D-433C-949F-D855A963BC19}
		{279EA3E9-863E-47EE-9AB4-66C37B6CE188} = {4D25DDAF-A27D-433C-949F-D855A963BC19}
		{07972C46-E4D1-4499-893D-1D84C4EBE1EA} = {4D25DDAF-A27D-433C-949F-D855A963BC19}
		{BAB9B7BB-259B-44B6-8952-335CD44958DA} = {E638AF95-4064-4D28-B4D8-56C3F4E07D88}
		{AD59070A-5A91-4082-BB85-0A530E4A2097} = {E638AF95-4064-4D28-B4D8-56C3F4E07D88}
		{BD92F3CB-8B57-41E4-A3BD-01243B469129} = {59CB71FB-767C-4EE7-B542-FCF5CD6812B0}
		{A4942030-3608-4BD4-BD7A-268B41323BB3} = {59CB71FB-767C-4EE7-B542-FCF5CD6812B0}
		{49A4725E-7BB5-43F4-9ADE-B8F363CEBE8B} = {279EA3E9-863E-47EE-9AB4-66C37B6CE188}
		{82466A67-5962-4587-A8B2-0D6786266526} = {05C57824-85E0-4D09-B0A3-6DDC167FE90A}
		{3AA05D5B-1FA8-42F1-8145-84BBE8F73D60} = {05C57824-85E0-4D09-B0A3-6DDC167FE90A}
		{97E8CCF5-8914-41E3-B2DE-3F775E99046A} = {05C57824-85E0-4D09-B0A3-6DDC167FE90A}
		{84A9E83A-2DCA-4141-9170-FBE615EB302A} = {07972C46-E4D1-4499-893D-1D84C4EBE1EA}
	EndGlobalSection
	GlobalSection(ExtensibilityGlobals) = postSolution
		SolutionGuid = {0765FE54-F1F6-4A7C-8B65-1DD1EFD70CE4}
	EndGlobalSection
EndGlobal
